
Microsoft Visual Studio Solution File, Format Version 12.00
# Visual Studio Version 17
VisualStudioVersion = 17.1.32228.430
MinimumVisualStudioVersion = 10.0.40219.1
Project("{2150E333-8FDC-42A3-9474-1A3956D46DE8}") = "domain", "domain", "{C09B65B1-4906-41EA-AC99-0752B8807F62}"
EndProject
Project("{9A19103F-16F7-4668-BE54-9A1E7A4F7556}") = "Store", "domain\Store\Store.csproj", "{2C39C6DE-B167-42FA-A865-EB9078268FB6}"
EndProject
Project("{2150E333-8FDC-42A3-9474-1A3956D46DE8}") = "infrastructure", "infrastructure", "{216E1EB4-D7BD-468F-A6AB-D7691577068A}"
EndProject
Project("{2150E333-8FDC-42A3-9474-1A3956D46DE8}") = "presentation", "presentation", "{AA52E194-E10C-4AB9-988D-C06EC3A28607}"
EndProject
Project("{9A19103F-16F7-4668-BE54-9A1E7A4F7556}") = "Store.Web", "Store.Web\Store.Web.csproj", "{8ABA4AC2-75F6-4017-9960-58DC4025F11A}"
EndProject
Project("{9A19103F-16F7-4668-BE54-9A1E7A4F7556}") = "Store.Web.Contractors", "presentation\Store.Web.Contractors\Store.Web.Contractors.csproj", "{7B4557A5-7480-4014-9087-E45889CE48F7}"
EndProject
Project("{2150E333-8FDC-42A3-9474-1A3956D46DE8}") = "plugins", "plugins", "{4436757E-A08B-4207-AD4B-B42F336A86C2}"
EndProject
Project("{9A19103F-16F7-4668-BE54-9A1E7A4F7556}") = "Store.YandexKassa", "plugins\Store.YandexKassa\Store.YandexKassa.csproj", "{1BAC1F18-03AF-4310-94A8-B25CEF6892E9}"
EndProject
Project("{2150E333-8FDC-42A3-9474-1A3956D46DE8}") = "application", "application", "{2EF70135-6DD9-4A16-B5AE-E6387E6C8323}"
EndProject
Project("{9A19103F-16F7-4668-BE54-9A1E7A4F7556}") = "Store.Web.App", "application\Store.Web.App\Store.Web.App.csproj", "{5C5A63A8-9198-44F4-B73F-A2EB82F6A315}"
EndProject
Project("{FAE04EC0-301F-11D3-BF4B-00C04F79EFBC}") = "Store.Data.EF", "Store.Data.EF\Store.Data.EF.csproj", "{6B361ECB-7A62-4A08-915A-420137F2CD7B}"
EndProject
Global
	GlobalSection(SolutionConfigurationPlatforms) = preSolution
		Debug|Any CPU = Debug|Any CPU
		Release|Any CPU = Release|Any CPU
	EndGlobalSection
	GlobalSection(ProjectConfigurationPlatforms) = postSolution
		{2C39C6DE-B167-42FA-A865-EB9078268FB6}.Debug|Any CPU.ActiveCfg = Debug|Any CPU
		{2C39C6DE-B167-42FA-A865-EB9078268FB6}.Debug|Any CPU.Build.0 = Debug|Any CPU
		{2C39C6DE-B167-42FA-A865-EB9078268FB6}.Release|Any CPU.ActiveCfg = Release|Any CPU
		{2C39C6DE-B167-42FA-A865-EB9078268FB6}.Release|Any CPU.Build.0 = Release|Any CPU
		{8ABA4AC2-75F6-4017-9960-58DC4025F11A}.Debug|Any CPU.ActiveCfg = Debug|Any CPU
		{8ABA4AC2-75F6-4017-9960-58DC4025F11A}.Debug|Any CPU.Build.0 = Debug|Any CPU
		{8ABA4AC2-75F6-4017-9960-58DC4025F11A}.Release|Any CPU.ActiveCfg = Release|Any CPU
		{8ABA4AC2-75F6-4017-9960-58DC4025F11A}.Release|Any CPU.Build.0 = Release|Any CPU
		{7B4557A5-7480-4014-9087-E45889CE48F7}.Debug|Any CPU.ActiveCfg = Debug|Any CPU
		{7B4557A5-7480-4014-9087-E45889CE48F7}.Debug|Any CPU.Build.0 = Debug|Any CPU
		{7B4557A5-7480-4014-9087-E45889CE48F7}.Release|Any CPU.ActiveCfg = Release|Any CPU
		{7B4557A5-7480-4014-9087-E45889CE48F7}.Release|Any CPU.Build.0 = Release|Any CPU
		{1BAC1F18-03AF-4310-94A8-B25CEF6892E9}.Debug|Any CPU.ActiveCfg = Debug|Any CPU
		{1BAC1F18-03AF-4310-94A8-B25CEF6892E9}.Debug|Any CPU.Build.0 = Debug|Any CPU
		{1BAC1F18-03AF-4310-94A8-B25CEF6892E9}.Release|Any CPU.ActiveCfg = Release|Any CPU
		{1BAC1F18-03AF-4310-94A8-B25CEF6892E9}.Release|Any CPU.Build.0 = Release|Any CPU
		{5C5A63A8-9198-44F4-B73F-A2EB82F6A315}.Debug|Any CPU.ActiveCfg = Debug|Any CPU
		{5C5A63A8-9198-44F4-B73F-A2EB82F6A315}.Debug|Any CPU.Build.0 = Debug|Any CPU
		{5C5A63A8-9198-44F4-B73F-A2EB82F6A315}.Release|Any CPU.ActiveCfg = Release|Any CPU
		{5C5A63A8-9198-44F4-B73F-A2EB82F6A315}.Release|Any CPU.Build.0 = Release|Any CPU
		{6B361ECB-7A62-4A08-915A-420137F2CD7B}.Debug|Any CPU.ActiveCfg = Debug|Any CPU
		{6B361ECB-7A62-4A08-915A-420137F2CD7B}.Debug|Any CPU.Build.0 = Debug|Any CPU
		{6B361ECB-7A62-4A08-915A-420137F2CD7B}.Release|Any CPU.ActiveCfg = Release|Any CPU
		{6B361ECB-7A62-4A08-915A-420137F2CD7B}.Release|Any CPU.Build.0 = Release|Any CPU
	EndGlobalSection
	GlobalSection(SolutionProperties) = preSolution
		HideSolutionNode = FALSE
	EndGlobalSection
	GlobalSection(NestedProjects) = preSolution
		{2C39C6DE-B167-42FA-A865-EB9078268FB6} = {C09B65B1-4906-41EA-AC99-0752B8807F62}
		{8ABA4AC2-75F6-4017-9960-58DC4025F11A} = {AA52E194-E10C-4AB9-988D-C06EC3A28607}
		{7B4557A5-7480-4014-9087-E45889CE48F7} = {AA52E194-E10C-4AB9-988D-C06EC3A28607}
		{1BAC1F18-03AF-4310-94A8-B25CEF6892E9} = {4436757E-A08B-4207-AD4B-B42F336A86C2}
		{5C5A63A8-9198-44F4-B73F-A2EB82F6A315} = {2EF70135-6DD9-4A16-B5AE-E6387E6C8323}
		{6B361ECB-7A62-4A08-915A-420137F2CD7B} = {216E1EB4-D7BD-468F-A6AB-D7691577068A}
	EndGlobalSection
	GlobalSection(ExtensibilityGlobals) = postSolution
		SolutionGuid = {5CCA8252-E2C7-4A3D-89B4-B68812645B90}
	EndGlobalSection
EndGlobal
